# This file was autogenerated by Stack.
# You should not edit this file by hand.
# For more information, please see the documentation at:
#   https://docs.haskellstack.org/en/stable/lock_files

packages:
- completed:
    hackage: gi-gtk-declarative-0.6.3@sha256:8db2e8a9fa20673406e4500e5040d4384eb76e362d45ffe69116575ae03ff1e3,4411
    pantry-tree:
      size: 2393
      sha256: 5871aca72517a320f9ab3b7b122daa156dc18467a1b9d65fd2b2c45ec675ed09
  original:
    hackage: gi-gtk-declarative-0.6.3@sha256:8db2e8a9fa20673406e4500e5040d4384eb76e362d45ffe69116575ae03ff1e3,4411
- completed:
    hackage: gi-gtk-declarative-app-simple-0.6.3@sha256:2b201371acd292ef8d980be02809787293f7c30e505c84910b57e307af999cc9,1818
    pantry-tree:
      size: 257
      sha256: a0d8f5953711f24c26237be319ddd4107e00291c117e038bd693faeffbb032f7
  original:
    hackage: gi-gtk-declarative-app-simple-0.6.3@sha256:2b201371acd292ef8d980be02809787293f7c30e505c84910b57e307af999cc9,1818
- completed:
    cabal-file:
      size: 1433
      sha256: df03cdc7ed25fb72f74f80f1e0cd66f9cfa05b73bf94aa27ee3ad7ff0349ae2e
    name: sdl2-image
    version: 2.0.0
    git: https://github.com/haskell-game/sdl2-image.git
    pantry-tree:
      size: 545
      sha256: 3f8d686c74dd577de885ef34703859efb2a8d543183ba1ccb71b77868cc052f9
    commit: 382395c763b473032721c71921b5c9241142178f
  original:
    git: https://github.com/haskell-game/sdl2-image.git
    commit: 382395c763b473032721c71921b5c9241142178f
snapshots:
- completed:
    size: 489011
    url: https://raw.githubusercontent.com/commercialhaskell/stackage-snapshots/master/lts/15/1.yaml
    sha256: d4ecc42b7125d68e4c3c036a08046ad0cd02ae0d9efbe3af2223a00ff8cc16f3
  original: lts-15.1
