# This file was autogenerated by Stack.
# You should not edit this file by hand.
# For more information, please see the documentation at:
#   https://docs.haskellstack.org/en/stable/lock_files

packages:
- completed:
    hackage: gi-gtk-declarative-0.6.3@sha256:8db2e8a9fa20673406e4500e5040d4384eb76e362d45ffe69116575ae03ff1e3,4411
    pantry-tree:
      size: 2393
      sha256: 5871aca72517a320f9ab3b7b122daa156dc18467a1b9d65fd2b2c45ec675ed09
  original:
    hackage: gi-gtk-declarative-0.6.3@sha256:8db2e8a9fa20673406e4500e5040d4384eb76e362d45ffe69116575ae03ff1e3,4411
- completed:
    hackage: gi-gtk-declarative-app-simple-0.6.3@sha256:2b201371acd292ef8d980be02809787293f7c30e505c84910b57e307af999cc9,1818
    pantry-tree:
      size: 257
      sha256: a0d8f5953711f24c26237be319ddd4107e00291c117e038bd693faeffbb032f7
  original:
    hackage: gi-gtk-declarative-app-simple-0.6.3@sha256:2b201371acd292ef8d980be02809787293f7c30e505c84910b57e307af999cc9,1818
- completed:
    hackage: store-0.7.2@sha256:94ca07b2af0ee15ee9e71f1576ea630676c3c016788c3dcb19d33d2998c3c228,7825
    pantry-tree:
      size: 1292
      sha256: 9cfa13cb040285bf132085f3b75f31cdfad279fe7f31f05e5b20b2a2f9d85aca
  original:
    hackage: store-0.7.2@sha256:94ca07b2af0ee15ee9e71f1576ea630676c3c016788c3dcb19d33d2998c3c228,7825
- completed:
    hackage: store-core-0.4.4.2@sha256:11403cad88cf4f3675d49baf76cb5dd56363e786c7e25ef00fa57296af29a7b2,1444
    pantry-tree:
      size: 271
      sha256: 0db8705011f7f25d9e5f639c52ccce5fccb1de578de685def2b79e289d9de4cc
  original:
    hackage: store-core-0.4.4.2@sha256:11403cad88cf4f3675d49baf76cb5dd56363e786c7e25ef00fa57296af29a7b2,1444
- completed:
    hackage: th-utilities-0.2.3.1@sha256:40ebb0bc9569b4ff5c3be93c58a1e2a35e308a7e3effc73f6b324980f53f73fc,1869
    pantry-tree:
      size: 881
      sha256: fa8f7a729bb497831a087af6368cc44a52bfdf058c54882a6f5513feb4d36212
  original:
    hackage: th-utilities-0.2.3.1@sha256:40ebb0bc9569b4ff5c3be93c58a1e2a35e308a7e3effc73f6b324980f53f73fc,1869
- completed:
    cabal-file:
      size: 1433
      sha256: df03cdc7ed25fb72f74f80f1e0cd66f9cfa05b73bf94aa27ee3ad7ff0349ae2e
    name: sdl2-image
    version: 2.0.0
    git: https://github.com/haskell-game/sdl2-image.git
    pantry-tree:
      size: 545
      sha256: 3f8d686c74dd577de885ef34703859efb2a8d543183ba1ccb71b77868cc052f9
    commit: 382395c763b473032721c71921b5c9241142178f
  original:
    git: https://github.com/haskell-game/sdl2-image.git
    commit: 382395c763b473032721c71921b5c9241142178f
snapshots:
- completed:
    size: 489011
    url: https://raw.githubusercontent.com/commercialhaskell/stackage-snapshots/master/lts/15/1.yaml
    sha256: d4ecc42b7125d68e4c3c036a08046ad0cd02ae0d9efbe3af2223a00ff8cc16f3
  original: lts-15.1
